
Microsoft Visual Studio Solution File, Format Version 12.00
# Visual Studio Version 16
VisualStudioVersion = 16.0.31624.102
MinimumVisualStudioVersion = 10.0.40219.1
Project("{FAE04EC0-301F-11D3-BF4B-00C04F79EFBC}") = "ID3_Algorithm", "ID3_Algorithm\ID3_Algorithm.csproj", "{2D0FDD1C-8FBA-4AD3-8C6C-C4B467EDEE8F}"
EndProject
Global
	GlobalSection(SolutionConfigurationPlatforms) = preSolution
		Debug|Any CPU = Debug|Any CPU
		Release|Any CPU = Release|Any CPU
	EndGlobalSection
	GlobalSection(ProjectConfigurationPlatforms) = postSolution
		{2D0FDD1C-8FBA-4AD3-8C6C-C4B467EDEE8F}.Debug|Any CPU.ActiveCfg = Debug|Any CPU
		{2D0FDD1C-8FBA-4AD3-8C6C-C4B467EDEE8F}.Debug|Any CPU.Build.0 = Debug|Any CPU
		{2D0FDD1C-8FBA-4AD3-8C6C-C4B467EDEE8F}.Release|Any CPU.ActiveCfg = Release|Any CPU
		{2D0FDD1C-8FBA-4AD3-8C6C-C4B467EDEE8F}.Release|Any CPU.Build.0 = Release|Any CPU
	EndGlobalSection
	GlobalSection(SolutionProperties) = preSolution
		HideSolutionNode = FALSE
	EndGlobalSection
	GlobalSection(ExtensibilityGlobals) = postSolution
		SolutionGuid = {84FA6A07-99F7-4F1F-9D8F-F3B19160F8FB}
	EndGlobalSection
EndGlobal
